// !$*UTF8*$!
{
	archiveVersion = 1;
	classes = {
	};
	objectVersion = 56;
	objects = {

/* Begin PBXBuildFile section */
		64405F992B6914E00002E1D0 /* SnapKit in Frameworks */ = {isa = PBXBuildFile; productRef = 64405F982B6914E00002E1D0 /* SnapKit */; };
		64405F9B2B6914E00002E1D0 /* SnapKit-Dynamic in Frameworks */ = {isa = PBXBuildFile; productRef = 64405F9A2B6914E00002E1D0 /* SnapKit-Dynamic */; };
		64405F9E2B6918000002E1D0 /* RickMortyModel.swift in Sources */ = {isa = PBXBuildFile; fileRef = 64405F9D2B6918000002E1D0 /* RickMortyModel.swift */; };
		64405FA02B6919770002E1D0 /* GetAllCharactersRequest.swift in Sources */ = {isa = PBXBuildFile; fileRef = 64405F9F2B6919770002E1D0 /* GetAllCharactersRequest.swift */; };
		64405FA22B691A410002E1D0 /* RickMortyViewModel.swift in Sources */ = {isa = PBXBuildFile; fileRef = 64405FA12B691A410002E1D0 /* RickMortyViewModel.swift */; };
		64405FA52B6931570002E1D0 /* RickMortyTableViewCell.swift in Sources */ = {isa = PBXBuildFile; fileRef = 64405FA42B6931570002E1D0 /* RickMortyTableViewCell.swift */; };
		64405FA82B6934560002E1D0 /* AlamofireImage in Frameworks */ = {isa = PBXBuildFile; productRef = 64405FA72B6934560002E1D0 /* AlamofireImage */; };
		6486D3142B6912A000AC9730 /* BaseService.swift in Sources */ = {isa = PBXBuildFile; fileRef = 6486D3132B6912A000AC9730 /* BaseService.swift */; };
		6486D3182B6912C000AC9730 /* Request.swift in Sources */ = {isa = PBXBuildFile; fileRef = 6486D3172B6912C000AC9730 /* Request.swift */; };
		6486D31C2B69132600AC9730 /* HTTPMethod.swift in Sources */ = {isa = PBXBuildFile; fileRef = 6486D31B2B69132600AC9730 /* HTTPMethod.swift */; };
		6486D31F2B69139800AC9730 /* RickMortyViewController.swift in Sources */ = {isa = PBXBuildFile; fileRef = 6486D31E2B69139800AC9730 /* RickMortyViewController.swift */; };
		6487B5142B690FEF00F577F4 /* AppDelegate.swift in Sources */ = {isa = PBXBuildFile; fileRef = 6487B5132B690FEF00F577F4 /* AppDelegate.swift */; };
		6487B5162B690FEF00F577F4 /* SceneDelegate.swift in Sources */ = {isa = PBXBuildFile; fileRef = 6487B5152B690FEF00F577F4 /* SceneDelegate.swift */; };
		6487B5182B690FEF00F577F4 /* ViewController.swift in Sources */ = {isa = PBXBuildFile; fileRef = 6487B5172B690FEF00F577F4 /* ViewController.swift */; };
		6487B51B2B690FEF00F577F4 /* Main.storyboard in Resources */ = {isa = PBXBuildFile; fileRef = 6487B5192B690FEF00F577F4 /* Main.storyboard */; };
		6487B51D2B690FF100F577F4 /* Assets.xcassets in Resources */ = {isa = PBXBuildFile; fileRef = 6487B51C2B690FF100F577F4 /* Assets.xcassets */; };
		6487B5202B690FF100F577F4 /* LaunchScreen.storyboard in Resources */ = {isa = PBXBuildFile; fileRef = 6487B51E2B690FF100F577F4 /* LaunchScreen.storyboard */; };
		6487B52B2B690FF100F577F4 /* RickAndMortyAppTests.swift in Sources */ = {isa = PBXBuildFile; fileRef = 6487B52A2B690FF100F577F4 /* RickAndMortyAppTests.swift */; };
		6487B5352B690FF100F577F4 /* RickAndMortyAppUITests.swift in Sources */ = {isa = PBXBuildFile; fileRef = 6487B5342B690FF100F577F4 /* RickAndMortyAppUITests.swift */; };
		6487B5372B690FF100F577F4 /* RickAndMortyAppUITestsLaunchTests.swift in Sources */ = {isa = PBXBuildFile; fileRef = 6487B5362B690FF100F577F4 /* RickAndMortyAppUITestsLaunchTests.swift */; };
/* End PBXBuildFile section */

/* Begin PBXContainerItemProxy section */
		6487B5272B690FF100F577F4 /* PBXContainerItemProxy */ = {
			isa = PBXContainerItemProxy;
			containerPortal = 6487B5082B690FEF00F577F4 /* Project object */;
			proxyType = 1;
			remoteGlobalIDString = 6487B50F2B690FEF00F577F4;
			remoteInfo = RickAndMortyApp;
		};
		6487B5312B690FF100F577F4 /* PBXContainerItemProxy */ = {
			isa = PBXContainerItemProxy;
			containerPortal = 6487B5082B690FEF00F577F4 /* Project object */;
			proxyType = 1;
			remoteGlobalIDString = 6487B50F2B690FEF00F577F4;
			remoteInfo = RickAndMortyApp;
		};
/* End PBXContainerItemProxy section */

/* Begin PBXFileReference section */
		64405F9D2B6918000002E1D0 /* RickMortyModel.swift */ = {isa = PBXFileReference; lastKnownFileType = sourcecode.swift; path = RickMortyModel.swift; sourceTree = "<group>"; };
		64405F9F2B6919770002E1D0 /* GetAllCharactersRequest.swift */ = {isa = PBXFileReference; lastKnownFileType = sourcecode.swift; path = GetAllCharactersRequest.swift; sourceTree = "<group>"; };
		64405FA12B691A410002E1D0 /* RickMortyViewModel.swift */ = {isa = PBXFileReference; lastKnownFileType = sourcecode.swift; path = RickMortyViewModel.swift; sourceTree = "<group>"; };
		64405FA42B6931570002E1D0 /* RickMortyTableViewCell.swift */ = {isa = PBXFileReference; lastKnownFileType = sourcecode.swift; path = RickMortyTableViewCell.swift; sourceTree = "<group>"; };
		6486D3132B6912A000AC9730 /* BaseService.swift */ = {isa = PBXFileReference; lastKnownFileType = sourcecode.swift; path = BaseService.swift; sourceTree = "<group>"; };
		6486D3172B6912C000AC9730 /* Request.swift */ = {isa = PBXFileReference; lastKnownFileType = sourcecode.swift; path = Request.swift; sourceTree = "<group>"; };
		6486D31B2B69132600AC9730 /* HTTPMethod.swift */ = {isa = PBXFileReference; lastKnownFileType = sourcecode.swift; path = HTTPMethod.swift; sourceTree = "<group>"; };
		6486D31E2B69139800AC9730 /* RickMortyViewController.swift */ = {isa = PBXFileReference; lastKnownFileType = sourcecode.swift; path = RickMortyViewController.swift; sourceTree = "<group>"; };
		6487B5102B690FEF00F577F4 /* RickAndMortyApp.app */ = {isa = PBXFileReference; explicitFileType = wrapper.application; includeInIndex = 0; path = RickAndMortyApp.app; sourceTree = BUILT_PRODUCTS_DIR; };
		6487B5132B690FEF00F577F4 /* AppDelegate.swift */ = {isa = PBXFileReference; lastKnownFileType = sourcecode.swift; path = AppDelegate.swift; sourceTree = "<group>"; };
		6487B5152B690FEF00F577F4 /* SceneDelegate.swift */ = {isa = PBXFileReference; lastKnownFileType = sourcecode.swift; path = SceneDelegate.swift; sourceTree = "<group>"; };
		6487B5172B690FEF00F577F4 /* ViewController.swift */ = {isa = PBXFileReference; lastKnownFileType = sourcecode.swift; path = ViewController.swift; sourceTree = "<group>"; };
		6487B51A2B690FEF00F577F4 /* Base */ = {isa = PBXFileReference; lastKnownFileType = file.storyboard; name = Base; path = Base.lproj/Main.storyboard; sourceTree = "<group>"; };
		6487B51C2B690FF100F577F4 /* Assets.xcassets */ = {isa = PBXFileReference; lastKnownFileType = folder.assetcatalog; path = Assets.xcassets; sourceTree = "<group>"; };
		6487B51F2B690FF100F577F4 /* Base */ = {isa = PBXFileReference; lastKnownFileType = file.storyboard; name = Base; path = Base.lproj/LaunchScreen.storyboard; sourceTree = "<group>"; };
		6487B5212B690FF100F577F4 /* Info.plist */ = {isa = PBXFileReference; lastKnownFileType = text.plist.xml; path = Info.plist; sourceTree = "<group>"; };
		6487B5262B690FF100F577F4 /* RickAndMortyAppTests.xctest */ = {isa = PBXFileReference; explicitFileType = wrapper.cfbundle; includeInIndex = 0; path = RickAndMortyAppTests.xctest; sourceTree = BUILT_PRODUCTS_DIR; };
		6487B52A2B690FF100F577F4 /* RickAndMortyAppTests.swift */ = {isa = PBXFileReference; lastKnownFileType = sourcecode.swift; path = RickAndMortyAppTests.swift; sourceTree = "<group>"; };
		6487B5302B690FF100F577F4 /* RickAndMortyAppUITests.xctest */ = {isa = PBXFileReference; explicitFileType = wrapper.cfbundle; includeInIndex = 0; path = RickAndMortyAppUITests.xctest; sourceTree = BUILT_PRODUCTS_DIR; };
		6487B5342B690FF100F577F4 /* RickAndMortyAppUITests.swift */ = {isa = PBXFileReference; lastKnownFileType = sourcecode.swift; path = RickAndMortyAppUITests.swift; sourceTree = "<group>"; };
		6487B5362B690FF100F577F4 /* RickAndMortyAppUITestsLaunchTests.swift */ = {isa = PBXFileReference; lastKnownFileType = sourcecode.swift; path = RickAndMortyAppUITestsLaunchTests.swift; sourceTree = "<group>"; };
/* End PBXFileReference section */

/* Begin PBXFrameworksBuildPhase section */
		6487B50D2B690FEF00F577F4 /* Frameworks */ = {
			isa = PBXFrameworksBuildPhase;
			buildActionMask = 2147483647;
			files = (
				64405F992B6914E00002E1D0 /* SnapKit in Frameworks */,
				64405F9B2B6914E00002E1D0 /* SnapKit-Dynamic in Frameworks */,
				64405FA82B6934560002E1D0 /* AlamofireImage in Frameworks */,
			);
			runOnlyForDeploymentPostprocessing = 0;
		};
		6487B5232B690FF100F577F4 /* Frameworks */ = {
			isa = PBXFrameworksBuildPhase;
			buildActionMask = 2147483647;
			files = (
			);
			runOnlyForDeploymentPostprocessing = 0;
		};
		6487B52D2B690FF100F577F4 /* Frameworks */ = {
			isa = PBXFrameworksBuildPhase;
			buildActionMask = 2147483647;
			files = (
			);
			runOnlyForDeploymentPostprocessing = 0;
		};
/* End PBXFrameworksBuildPhase section */

/* Begin PBXGroup section */
		64405F9C2B6917DA0002E1D0 /* Requests */ = {
			isa = PBXGroup;
			children = (
				64405F9F2B6919770002E1D0 /* GetAllCharactersRequest.swift */,
			);
			path = Requests;
			sourceTree = "<group>";
		};
		64405FA32B6931370002E1D0 /* TableViewCell */ = {
			isa = PBXGroup;
			children = (
				64405FA42B6931570002E1D0 /* RickMortyTableViewCell.swift */,
			);
			path = TableViewCell;
			sourceTree = "<group>";
		};
		6486D30B2B69108A00AC9730 /* Core */ = {
			isa = PBXGroup;
			children = (
				6486D31D2B69132F00AC9730 /* Components */,
				6486D31A2B69131D00AC9730 /* Enums */,
				6487B5172B690FEF00F577F4 /* ViewController.swift */,
				6487B5152B690FEF00F577F4 /* SceneDelegate.swift */,
				6487B5132B690FEF00F577F4 /* AppDelegate.swift */,
				6487B51C2B690FF100F577F4 /* Assets.xcassets */,
			);
			path = Core;
			sourceTree = "<group>";
		};
		6486D30C2B69109500AC9730 /* Feature */ = {
			isa = PBXGroup;
			children = (
				6486D30D2B69120600AC9730 /* Home */,
			);
			path = Feature;
			sourceTree = "<group>";
		};
		6486D30D2B69120600AC9730 /* Home */ = {
			isa = PBXGroup;
			children = (
				6486D3102B69124300AC9730 /* Model */,
				6486D30F2B69123F00AC9730 /* View */,
				6486D30E2B69123700AC9730 /* ViewModel */,
			);
			path = Home;
			sourceTree = "<group>";
		};
		6486D30E2B69123700AC9730 /* ViewModel */ = {
			isa = PBXGroup;
			children = (
				64405FA12B691A410002E1D0 /* RickMortyViewModel.swift */,
			);
			path = ViewModel;
			sourceTree = "<group>";
		};
		6486D30F2B69123F00AC9730 /* View */ = {
			isa = PBXGroup;
			children = (
				64405FA32B6931370002E1D0 /* TableViewCell */,
				6486D31E2B69139800AC9730 /* RickMortyViewController.swift */,
			);
			path = View;
			sourceTree = "<group>";
		};
		6486D3102B69124300AC9730 /* Model */ = {
			isa = PBXGroup;
			children = (
				64405F9D2B6918000002E1D0 /* RickMortyModel.swift */,
			);
			path = Model;
			sourceTree = "<group>";
		};
		6486D3112B69124900AC9730 /* NetworLayer */ = {
			isa = PBXGroup;
			children = (
				64405F9C2B6917DA0002E1D0 /* Requests */,
				6486D3122B69126C00AC9730 /* Service */,
			);
			path = NetworLayer;
			sourceTree = "<group>";
		};
		6486D3122B69126C00AC9730 /* Service */ = {
			isa = PBXGroup;
			children = (
				6486D3132B6912A000AC9730 /* BaseService.swift */,
				6486D3172B6912C000AC9730 /* Request.swift */,
			);
			path = Service;
			sourceTree = "<group>";
		};
		6486D31A2B69131D00AC9730 /* Enums */ = {
			isa = PBXGroup;
			children = (
				6486D31B2B69132600AC9730 /* HTTPMethod.swift */,
			);
			path = Enums;
			sourceTree = "<group>";
		};
		6486D31D2B69132F00AC9730 /* Components */ = {
			isa = PBXGroup;
			children = (
			);
			path = Components;
			sourceTree = "<group>";
		};
		6487B5072B690FEF00F577F4 = {
			isa = PBXGroup;
			children = (
				6487B5122B690FEF00F577F4 /* RickAndMortyApp */,
				6487B5292B690FF100F577F4 /* RickAndMortyAppTests */,
				6487B5332B690FF100F577F4 /* RickAndMortyAppUITests */,
				6487B5112B690FEF00F577F4 /* Products */,
			);
			sourceTree = "<group>";
		};
		6487B5112B690FEF00F577F4 /* Products */ = {
			isa = PBXGroup;
			children = (
				6487B5102B690FEF00F577F4 /* RickAndMortyApp.app */,
				6487B5262B690FF100F577F4 /* RickAndMortyAppTests.xctest */,
				6487B5302B690FF100F577F4 /* RickAndMortyAppUITests.xctest */,
			);
			name = Products;
			sourceTree = "<group>";
		};
		6487B5122B690FEF00F577F4 /* RickAndMortyApp */ = {
			isa = PBXGroup;
			children = (
				6486D3112B69124900AC9730 /* NetworLayer */,
				6486D30C2B69109500AC9730 /* Feature */,
				6486D30B2B69108A00AC9730 /* Core */,
				6487B5192B690FEF00F577F4 /* Main.storyboard */,
				6487B51E2B690FF100F577F4 /* LaunchScreen.storyboard */,
				6487B5212B690FF100F577F4 /* Info.plist */,
			);
			path = RickAndMortyApp;
			sourceTree = "<group>";
		};
		6487B5292B690FF100F577F4 /* RickAndMortyAppTests */ = {
			isa = PBXGroup;
			children = (
				6487B52A2B690FF100F577F4 /* RickAndMortyAppTests.swift */,
			);
			path = RickAndMortyAppTests;
			sourceTree = "<group>";
		};
		6487B5332B690FF100F577F4 /* RickAndMortyAppUITests */ = {
			isa = PBXGroup;
			children = (
				6487B5342B690FF100F577F4 /* RickAndMortyAppUITests.swift */,
				6487B5362B690FF100F577F4 /* RickAndMortyAppUITestsLaunchTests.swift */,
			);
			path = RickAndMortyAppUITests;
			sourceTree = "<group>";
		};
/* End PBXGroup section */

/* Begin PBXNativeTarget section */
		6487B50F2B690FEF00F577F4 /* RickAndMortyApp */ = {
			isa = PBXNativeTarget;
			buildConfigurationList = 6487B53A2B690FF100F577F4 /* Build configuration list for PBXNativeTarget "RickAndMortyApp" */;
			buildPhases = (
				6487B50C2B690FEF00F577F4 /* Sources */,
				6487B50D2B690FEF00F577F4 /* Frameworks */,
				6487B50E2B690FEF00F577F4 /* Resources */,
			);
			buildRules = (
			);
			dependencies = (
			);
			name = RickAndMortyApp;
			packageProductDependencies = (
				64405F982B6914E00002E1D0 /* SnapKit */,
				64405F9A2B6914E00002E1D0 /* SnapKit-Dynamic */,
				64405FA72B6934560002E1D0 /* AlamofireImage */,
			);
			productName = RickAndMortyApp;
			productReference = 6487B5102B690FEF00F577F4 /* RickAndMortyApp.app */;
			productType = "com.apple.product-type.application";
		};
		6487B5252B690FF100F577F4 /* RickAndMortyAppTests */ = {
			isa = PBXNativeTarget;
			buildConfigurationList = 6487B53D2B690FF100F577F4 /* Build configuration list for PBXNativeTarget "RickAndMortyAppTests" */;
			buildPhases = (
				6487B5222B690FF100F577F4 /* Sources */,
				6487B5232B690FF100F577F4 /* Frameworks */,
				6487B5242B690FF100F577F4 /* Resources */,
			);
			buildRules = (
			);
			dependencies = (
				6487B5282B690FF100F577F4 /* PBXTargetDependency */,
			);
			name = RickAndMortyAppTests;
			productName = RickAndMortyAppTests;
			productReference = 6487B5262B690FF100F577F4 /* RickAndMortyAppTests.xctest */;
			productType = "com.apple.product-type.bundle.unit-test";
		};
		6487B52F2B690FF100F577F4 /* RickAndMortyAppUITests */ = {
			isa = PBXNativeTarget;
			buildConfigurationList = 6487B5402B690FF100F577F4 /* Build configuration list for PBXNativeTarget "RickAndMortyAppUITests" */;
			buildPhases = (
				6487B52C2B690FF100F577F4 /* Sources */,
				6487B52D2B690FF100F577F4 /* Frameworks */,
				6487B52E2B690FF100F577F4 /* Resources */,
			);
			buildRules = (
			);
			dependencies = (
				6487B5322B690FF100F577F4 /* PBXTargetDependency */,
			);
			name = RickAndMortyAppUITests;
			productName = RickAndMortyAppUITests;
			productReference = 6487B5302B690FF100F577F4 /* RickAndMortyAppUITests.xctest */;
			productType = "com.apple.product-type.bundle.ui-testing";
		};
/* End PBXNativeTarget section */

/* Begin PBXProject section */
		6487B5082B690FEF00F577F4 /* Project object */ = {
			isa = PBXProject;
			attributes = {
				BuildIndependentTargetsInParallel = 1;
				LastSwiftUpdateCheck = 1520;
				LastUpgradeCheck = 1520;
				TargetAttributes = {
					6487B50F2B690FEF00F577F4 = {
						CreatedOnToolsVersion = 15.2;
					};
					6487B5252B690FF100F577F4 = {
						CreatedOnToolsVersion = 15.2;
						TestTargetID = 6487B50F2B690FEF00F577F4;
					};
					6487B52F2B690FF100F577F4 = {
						CreatedOnToolsVersion = 15.2;
						TestTargetID = 6487B50F2B690FEF00F577F4;
					};
				};
			};
			buildConfigurationList = 6487B50B2B690FEF00F577F4 /* Build configuration list for PBXProject "RickAndMortyApp" */;
			compatibilityVersion = "Xcode 14.0";
			developmentRegion = en;
			hasScannedForEncodings = 0;
			knownRegions = (
				en,
				Base,
			);
			mainGroup = 6487B5072B690FEF00F577F4;
			packageReferences = (
				64405F972B6914E00002E1D0 /* XCRemoteSwiftPackageReference "SnapKit" */,
				64405FA62B6934560002E1D0 /* XCRemoteSwiftPackageReference "AlamofireImage" */,
			);
			productRefGroup = 6487B5112B690FEF00F577F4 /* Products */;
			projectDirPath = "";
			projectRoot = "";
			targets = (
				6487B50F2B690FEF00F577F4 /* RickAndMortyApp */,
				6487B5252B690FF100F577F4 /* RickAndMortyAppTests */,
				6487B52F2B690FF100F577F4 /* RickAndMortyAppUITests */,
			);
		};
/* End PBXProject section */

/* Begin PBXResourcesBuildPhase section */
		6487B50E2B690FEF00F577F4 /* Resources */ = {
			isa = PBXResourcesBuildPhase;
			buildActionMask = 2147483647;
			files = (
				6487B5202B690FF100F577F4 /* LaunchScreen.storyboard in Resources */,
				6487B51D2B690FF100F577F4 /* Assets.xcassets in Resources */,
				6487B51B2B690FEF00F577F4 /* Main.storyboard in Resources */,
			);
			runOnlyForDeploymentPostprocessing = 0;
		};
		6487B5242B690FF100F577F4 /* Resources */ = {
			isa = PBXResourcesBuildPhase;
			buildActionMask = 2147483647;
			files = (
			);
			runOnlyForDeploymentPostprocessing = 0;
		};
		6487B52E2B690FF100F577F4 /* Resources */ = {
			isa = PBXResourcesBuildPhase;
			buildActionMask = 2147483647;
			files = (
			);
			runOnlyForDeploymentPostprocessing = 0;
		};
/* End PBXResourcesBuildPhase section */

/* Begin PBXSourcesBuildPhase section */
		6487B50C2B690FEF00F577F4 /* Sources */ = {
			isa = PBXSourcesBuildPhase;
			buildActionMask = 2147483647;
			files = (
				6487B5182B690FEF00F577F4 /* ViewController.swift in Sources */,
				6486D31F2B69139800AC9730 /* RickMortyViewController.swift in Sources */,
				6487B5142B690FEF00F577F4 /* AppDelegate.swift in Sources */,
				6486D31C2B69132600AC9730 /* HTTPMethod.swift in Sources */,
				64405F9E2B6918000002E1D0 /* RickMortyModel.swift in Sources */,
				6486D3182B6912C000AC9730 /* Request.swift in Sources */,
				6487B5162B690FEF00F577F4 /* SceneDelegate.swift in Sources */,
				64405FA52B6931570002E1D0 /* RickMortyTableViewCell.swift in Sources */,
				6486D3142B6912A000AC9730 /* BaseService.swift in Sources */,
				64405FA02B6919770002E1D0 /* GetAllCharactersRequest.swift in Sources */,
				64405FA22B691A410002E1D0 /* RickMortyViewModel.swift in Sources */,
			);
			runOnlyForDeploymentPostprocessing = 0;
		};
		6487B5222B690FF100F577F4 /* Sources */ = {
			isa = PBXSourcesBuildPhase;
			buildActionMask = 2147483647;
			files = (
				6487B52B2B690FF100F577F4 /* RickAndMortyAppTests.swift in Sources */,
			);
			runOnlyForDeploymentPostprocessing = 0;
		};
		6487B52C2B690FF100F577F4 /* Sources */ = {
			isa = PBXSourcesBuildPhase;
			buildActionMask = 2147483647;
			files = (
				6487B5352B690FF100F577F4 /* RickAndMortyAppUITests.swift in Sources */,
				6487B5372B690FF100F577F4 /* RickAndMortyAppUITestsLaunchTests.swift in Sources */,
			);
			runOnlyForDeploymentPostprocessing = 0;
		};
/* End PBXSourcesBuildPhase section */

/* Begin PBXTargetDependency section */
		6487B5282B690FF100F577F4 /* PBXTargetDependency */ = {
			isa = PBXTargetDependency;
			target = 6487B50F2B690FEF00F577F4 /* RickAndMortyApp */;
			targetProxy = 6487B5272B690FF100F577F4 /* PBXContainerItemProxy */;
		};
		6487B5322B690FF100F577F4 /* PBXTargetDependency */ = {
			isa = PBXTargetDependency;
			target = 6487B50F2B690FEF00F577F4 /* RickAndMortyApp */;
			targetProxy = 6487B5312B690FF100F577F4 /* PBXContainerItemProxy */;
		};
/* End PBXTargetDependency section */

/* Begin PBXVariantGroup section */
		6487B5192B690FEF00F577F4 /* Main.storyboard */ = {
			isa = PBXVariantGroup;
			children = (
				6487B51A2B690FEF00F577F4 /* Base */,
			);
			name = Main.storyboard;
			sourceTree = "<group>";
		};
		6487B51E2B690FF100F577F4 /* LaunchScreen.storyboard */ = {
			isa = PBXVariantGroup;
			children = (
				6487B51F2B690FF100F577F4 /* Base */,
			);
			name = LaunchScreen.storyboard;
			sourceTree = "<group>";
		};
/* End PBXVariantGroup section */

/* Begin XCBuildConfiguration section */
		6487B5382B690FF100F577F4 /* Debug */ = {
			isa = XCBuildConfiguration;
			buildSettings = {
				ALWAYS_SEARCH_USER_PATHS = NO;
				ASSETCATALOG_COMPILER_GENERATE_SWIFT_ASSET_SYMBOL_EXTENSIONS = YES;
				CLANG_ANALYZER_NONNULL = YES;
				CLANG_ANALYZER_NUMBER_OBJECT_CONVERSION = YES_AGGRESSIVE;
				CLANG_CXX_LANGUAGE_STANDARD = "gnu++20";
				CLANG_ENABLE_MODULES = YES;
				CLANG_ENABLE_OBJC_ARC = YES;
				CLANG_ENABLE_OBJC_WEAK = YES;
				CLANG_WARN_BLOCK_CAPTURE_AUTORELEASING = YES;
				CLANG_WARN_BOOL_CONVERSION = YES;
				CLANG_WARN_COMMA = YES;
				CLANG_WARN_CONSTANT_CONVERSION = YES;
				CLANG_WARN_DEPRECATED_OBJC_IMPLEMENTATIONS = YES;
				CLANG_WARN_DIRECT_OBJC_ISA_USAGE = YES_ERROR;
				CLANG_WARN_DOCUMENTATION_COMMENTS = YES;
				CLANG_WARN_EMPTY_BODY = YES;
				CLANG_WARN_ENUM_CONVERSION = YES;
				CLANG_WARN_INFINITE_RECURSION = YES;
				CLANG_WARN_INT_CONVERSION = YES;
				CLANG_WARN_NON_LITERAL_NULL_CONVERSION = YES;
				CLANG_WARN_OBJC_IMPLICIT_RETAIN_SELF = YES;
				CLANG_WARN_OBJC_LITERAL_CONVERSION = YES;
				CLANG_WARN_OBJC_ROOT_CLASS = YES_ERROR;
				CLANG_WARN_QUOTED_INCLUDE_IN_FRAMEWORK_HEADER = YES;
				CLANG_WARN_RANGE_LOOP_ANALYSIS = YES;
				CLANG_WARN_STRICT_PROTOTYPES = YES;
				CLANG_WARN_SUSPICIOUS_MOVE = YES;
				CLANG_WARN_UNGUARDED_AVAILABILITY = YES_AGGRESSIVE;
				CLANG_WARN_UNREACHABLE_CODE = YES;
				CLANG_WARN__DUPLICATE_METHOD_MATCH = YES;
				COPY_PHASE_STRIP = NO;
				DEBUG_INFORMATION_FORMAT = dwarf;
				ENABLE_STRICT_OBJC_MSGSEND = YES;
				ENABLE_TESTABILITY = YES;
				ENABLE_USER_SCRIPT_SANDBOXING = YES;
				GCC_C_LANGUAGE_STANDARD = gnu17;
				GCC_DYNAMIC_NO_PIC = NO;
				GCC_NO_COMMON_BLOCKS = YES;
				GCC_OPTIMIZATION_LEVEL = 0;
				GCC_PREPROCESSOR_DEFINITIONS = (
					"DEBUG=1",
					"$(inherited)",
				);
				GCC_WARN_64_TO_32_BIT_CONVERSION = YES;
				GCC_WARN_ABOUT_RETURN_TYPE = YES_ERROR;
				GCC_WARN_UNDECLARED_SELECTOR = YES;
				GCC_WARN_UNINITIALIZED_AUTOS = YES_AGGRESSIVE;
				GCC_WARN_UNUSED_FUNCTION = YES;
				GCC_WARN_UNUSED_VARIABLE = YES;
				IPHONEOS_DEPLOYMENT_TARGET = 17.2;
				LOCALIZATION_PREFERS_STRING_CATALOGS = YES;
				MTL_ENABLE_DEBUG_INFO = INCLUDE_SOURCE;
				MTL_FAST_MATH = YES;
				ONLY_ACTIVE_ARCH = YES;
				SDKROOT = iphoneos;
				SWIFT_ACTIVE_COMPILATION_CONDITIONS = "DEBUG $(inherited)";
				SWIFT_OPTIMIZATION_LEVEL = "-Onone";
			};
			name = Debug;
		};
		6487B5392B690FF100F577F4 /* Release */ = {
			isa = XCBuildConfiguration;
			buildSettings = {
				ALWAYS_SEARCH_USER_PATHS = NO;
				ASSETCATALOG_COMPILER_GENERATE_SWIFT_ASSET_SYMBOL_EXTENSIONS = YES;
				CLANG_ANALYZER_NONNULL = YES;
				CLANG_ANALYZER_NUMBER_OBJECT_CONVERSION = YES_AGGRESSIVE;
				CLANG_CXX_LANGUAGE_STANDARD = "gnu++20";
				CLANG_ENABLE_MODULES = YES;
				CLANG_ENABLE_OBJC_ARC = YES;
				CLANG_ENABLE_OBJC_WEAK = YES;
				CLANG_WARN_BLOCK_CAPTURE_AUTORELEASING = YES;
				CLANG_WARN_BOOL_CONVERSION = YES;
				CLANG_WARN_COMMA = YES;
				CLANG_WARN_CONSTANT_CONVERSION = YES;
				CLANG_WARN_DEPRECATED_OBJC_IMPLEMENTATIONS = YES;
				CLANG_WARN_DIRECT_OBJC_ISA_USAGE = YES_ERROR;
				CLANG_WARN_DOCUMENTATION_COMMENTS = YES;
				CLANG_WARN_EMPTY_BODY = YES;
				CLANG_WARN_ENUM_CONVERSION = YES;
				CLANG_WARN_INFINITE_RECURSION = YES;
				CLANG_WARN_INT_CONVERSION = YES;
				CLANG_WARN_NON_LITERAL_NULL_CONVERSION = YES;
				CLANG_WARN_OBJC_IMPLICIT_RETAIN_SELF = YES;
				CLANG_WARN_OBJC_LITERAL_CONVERSION = YES;
				CLANG_WARN_OBJC_ROOT_CLASS = YES_ERROR;
				CLANG_WARN_QUOTED_INCLUDE_IN_FRAMEWORK_HEADER = YES;
				CLANG_WARN_RANGE_LOOP_ANALYSIS = YES;
				CLANG_WARN_STRICT_PROTOTYPES = YES;
				CLANG_WARN_SUSPICIOUS_MOVE = YES;
				CLANG_WARN_UNGUARDED_AVAILABILITY = YES_AGGRESSIVE;
				CLANG_WARN_UNREACHABLE_CODE = YES;
				CLANG_WARN__DUPLICATE_METHOD_MATCH = YES;
				COPY_PHASE_STRIP = NO;
				DEBUG_INFORMATION_FORMAT = "dwarf-with-dsym";
				ENABLE_NS_ASSERTIONS = NO;
				ENABLE_STRICT_OBJC_MSGSEND = YES;
				ENABLE_USER_SCRIPT_SANDBOXING = YES;
				GCC_C_LANGUAGE_STANDARD = gnu17;
				GCC_NO_COMMON_BLOCKS = YES;
				GCC_WARN_64_TO_32_BIT_CONVERSION = YES;
				GCC_WARN_ABOUT_RETURN_TYPE = YES_ERROR;
				GCC_WARN_UNDECLARED_SELECTOR = YES;
				GCC_WARN_UNINITIALIZED_AUTOS = YES_AGGRESSIVE;
				GCC_WARN_UNUSED_FUNCTION = YES;
				GCC_WARN_UNUSED_VARIABLE = YES;
				IPHONEOS_DEPLOYMENT_TARGET = 17.2;
				LOCALIZATION_PREFERS_STRING_CATALOGS = YES;
				MTL_ENABLE_DEBUG_INFO = NO;
				MTL_FAST_MATH = YES;
				SDKROOT = iphoneos;
				SWIFT_COMPILATION_MODE = wholemodule;
				VALIDATE_PRODUCT = YES;
			};
			name = Release;
		};
		6487B53B2B690FF100F577F4 /* Debug */ = {
			isa = XCBuildConfiguration;
			buildSettings = {
				ASSETCATALOG_COMPILER_APPICON_NAME = AppIcon;
				ASSETCATALOG_COMPILER_GLOBAL_ACCENT_COLOR_NAME = AccentColor;
				CODE_SIGN_STYLE = Automatic;
				CURRENT_PROJECT_VERSION = 1;
				DEVELOPMENT_TEAM = 8N942344B3;
				GENERATE_INFOPLIST_FILE = YES;
				INFOPLIST_FILE = RickAndMortyApp/Info.plist;
				INFOPLIST_KEY_UIApplicationSupportsIndirectInputEvents = YES;
				INFOPLIST_KEY_UILaunchStoryboardName = LaunchScreen;
				INFOPLIST_KEY_UIMainStoryboardFile = Main;
				INFOPLIST_KEY_UISupportedInterfaceOrientations_iPad = "UIInterfaceOrientationPortrait UIInterfaceOrientationPortraitUpsideDown UIInterfaceOrientationLandscapeLeft UIInterfaceOrientationLandscapeRight";
				INFOPLIST_KEY_UISupportedInterfaceOrientations_iPhone = "UIInterfaceOrientationPortrait UIInterfaceOrientationLandscapeLeft UIInterfaceOrientationLandscapeRight";
				LD_RUNPATH_SEARCH_PATHS = (
					"$(inherited)",
					"@executable_path/Frameworks",
				);
				MARKETING_VERSION = 1.0;
				PRODUCT_BUNDLE_IDENTIFIER = com.RickAndMortyApp;
				PRODUCT_NAME = "$(TARGET_NAME)";
				SWIFT_EMIT_LOC_STRINGS = YES;
				SWIFT_VERSION = 5.0;
				TARGETED_DEVICE_FAMILY = "1,2";
			};
			name = Debug;
		};
		6487B53C2B690FF100F577F4 /* Release */ = {
			isa = XCBuildConfiguration;
			buildSettings = {
				ASSETCATALOG_COMPILER_APPICON_NAME = AppIcon;
				ASSETCATALOG_COMPILER_GLOBAL_ACCENT_COLOR_NAME = AccentColor;
				CODE_SIGN_STYLE = Automatic;
				CURRENT_PROJECT_VERSION = 1;
				DEVELOPMENT_TEAM = 8N942344B3;
				GENERATE_INFOPLIST_FILE = YES;
				INFOPLIST_FILE = RickAndMortyApp/Info.plist;
				INFOPLIST_KEY_UIApplicationSupportsIndirectInputEvents = YES;
				INFOPLIST_KEY_UILaunchStoryboardName = LaunchScreen;
				INFOPLIST_KEY_UIMainStoryboardFile = Main;
				INFOPLIST_KEY_UISupportedInterfaceOrientations_iPad = "UIInterfaceOrientationPortrait UIInterfaceOrientationPortraitUpsideDown UIInterfaceOrientationLandscapeLeft UIInterfaceOrientationLandscapeRight";
				INFOPLIST_KEY_UISupportedInterfaceOrientations_iPhone = "UIInterfaceOrientationPortrait UIInterfaceOrientationLandscapeLeft UIInterfaceOrientationLandscapeRight";
				LD_RUNPATH_SEARCH_PATHS = (
					"$(inherited)",
					"@executable_path/Frameworks",
				);
				MARKETING_VERSION = 1.0;
				PRODUCT_BUNDLE_IDENTIFIER = com.RickAndMortyApp;
				PRODUCT_NAME = "$(TARGET_NAME)";
				SWIFT_EMIT_LOC_STRINGS = YES;
				SWIFT_VERSION = 5.0;
				TARGETED_DEVICE_FAMILY = "1,2";
			};
			name = Release;
		};
		6487B53E2B690FF100F577F4 /* Debug */ = {
			isa = XCBuildConfiguration;
			buildSettings = {
				ALWAYS_EMBED_SWIFT_STANDARD_LIBRARIES = YES;
				BUNDLE_LOADER = "$(TEST_HOST)";
				CODE_SIGN_STYLE = Automatic;
				CURRENT_PROJECT_VERSION = 1;
				DEVELOPMENT_TEAM = 8N942344B3;
				GENERATE_INFOPLIST_FILE = YES;
				IPHONEOS_DEPLOYMENT_TARGET = 17.2;
				MARKETING_VERSION = 1.0;
				PRODUCT_BUNDLE_IDENTIFIER = com.RickAndMortyAppTests;
				PRODUCT_NAME = "$(TARGET_NAME)";
				SWIFT_EMIT_LOC_STRINGS = NO;
				SWIFT_VERSION = 5.0;
				TARGETED_DEVICE_FAMILY = "1,2";
				TEST_HOST = "$(BUILT_PRODUCTS_DIR)/RickAndMortyApp.app/$(BUNDLE_EXECUTABLE_FOLDER_PATH)/RickAndMortyApp";
			};
			name = Debug;
		};
		6487B53F2B690FF100F577F4 /* Release */ = {
			isa = XCBuildConfiguration;
			buildSettings = {
				ALWAYS_EMBED_SWIFT_STANDARD_LIBRARIES = YES;
				BUNDLE_LOADER = "$(TEST_HOST)";
				CODE_SIGN_STYLE = Automatic;
				CURRENT_PROJECT_VERSION = 1;
				DEVELOPMENT_TEAM = 8N942344B3;
				GENERATE_INFOPLIST_FILE = YES;
				IPHONEOS_DEPLOYMENT_TARGET = 17.2;
				MARKETING_VERSION = 1.0;
				PRODUCT_BUNDLE_IDENTIFIER = com.RickAndMortyAppTests;
				PRODUCT_NAME = "$(TARGET_NAME)";
				SWIFT_EMIT_LOC_STRINGS = NO;
				SWIFT_VERSION = 5.0;
				TARGETED_DEVICE_FAMILY = "1,2";
				TEST_HOST = "$(BUILT_PRODUCTS_DIR)/RickAndMortyApp.app/$(BUNDLE_EXECUTABLE_FOLDER_PATH)/RickAndMortyApp";
			};
			name = Release;
		};
		6487B5412B690FF100F577F4 /* Debug */ = {
			isa = XCBuildConfiguration;
			buildSettings = {
				ALWAYS_EMBED_SWIFT_STANDARD_LIBRARIES = YES;
				CODE_SIGN_STYLE = Automatic;
				CURRENT_PROJECT_VERSION = 1;
				DEVELOPMENT_TEAM = 8N942344B3;
				GENERATE_INFOPLIST_FILE = YES;
				MARKETING_VERSION = 1.0;
				PRODUCT_BUNDLE_IDENTIFIER = com.RickAndMortyAppUITests;
				PRODUCT_NAME = "$(TARGET_NAME)";
				SWIFT_EMIT_LOC_STRINGS = NO;
				SWIFT_VERSION = 5.0;
				TARGETED_DEVICE_FAMILY = "1,2";
				TEST_TARGET_NAME = RickAndMortyApp;
			};
			name = Debug;
		};
		6487B5422B690FF100F577F4 /* Release */ = {
			isa = XCBuildConfiguration;
			buildSettings = {
				ALWAYS_EMBED_SWIFT_STANDARD_LIBRARIES = YES;
				CODE_SIGN_STYLE = Automatic;
				CURRENT_PROJECT_VERSION = 1;
				DEVELOPMENT_TEAM = 8N942344B3;
				GENERATE_INFOPLIST_FILE = YES;
				MARKETING_VERSION = 1.0;
				PRODUCT_BUNDLE_IDENTIFIER = com.RickAndMortyAppUITests;
				PRODUCT_NAME = "$(TARGET_NAME)";
				SWIFT_EMIT_LOC_STRINGS = NO;
				SWIFT_VERSION = 5.0;
				TARGETED_DEVICE_FAMILY = "1,2";
				TEST_TARGET_NAME = RickAndMortyApp;
			};
			name = Release;
		};
/* End XCBuildConfiguration section */

/* Begin XCConfigurationList section */
		6487B50B2B690FEF00F577F4 /* Build configuration list for PBXProject "RickAndMortyApp" */ = {
			isa = XCConfigurationList;
			buildConfigurations = (
				6487B5382B690FF100F577F4 /* Debug */,
				6487B5392B690FF100F577F4 /* Release */,
			);
			defaultConfigurationIsVisible = 0;
			defaultConfigurationName = Release;
		};
		6487B53A2B690FF100F577F4 /* Build configuration list for PBXNativeTarget "RickAndMortyApp" */ = {
			isa = XCConfigurationList;
			buildConfigurations = (
				6487B53B2B690FF100F577F4 /* Debug */,
				6487B53C2B690FF100F577F4 /* Release */,
			);
			defaultConfigurationIsVisible = 0;
			defaultConfigurationName = Release;
		};
		6487B53D2B690FF100F577F4 /* Build configuration list for PBXNativeTarget "RickAndMortyAppTests" */ = {
			isa = XCConfigurationList;
			buildConfigurations = (
				6487B53E2B690FF100F577F4 /* Debug */,
				6487B53F2B690FF100F577F4 /* Release */,
			);
			defaultConfigurationIsVisible = 0;
			defaultConfigurationName = Release;
		};
		6487B5402B690FF100F577F4 /* Build configuration list for PBXNativeTarget "RickAndMortyAppUITests" */ = {
			isa = XCConfigurationList;
			buildConfigurations = (
				6487B5412B690FF100F577F4 /* Debug */,
				6487B5422B690FF100F577F4 /* Release */,
			);
			defaultConfigurationIsVisible = 0;
			defaultConfigurationName = Release;
		};
/* End XCConfigurationList section */

/* Begin XCRemoteSwiftPackageReference section */
		64405F972B6914E00002E1D0 /* XCRemoteSwiftPackageReference "SnapKit" */ = {
			isa = XCRemoteSwiftPackageReference;
			repositoryURL = "https://github.com/SnapKit/SnapKit.git";
			requirement = {
				kind = upToNextMajorVersion;
				minimumVersion = 5.7.0;
			};
		};
		64405FA62B6934560002E1D0 /* XCRemoteSwiftPackageReference "AlamofireImage" */ = {
			isa = XCRemoteSwiftPackageReference;
			repositoryURL = "https://github.com/Alamofire/AlamofireImage.git";
			requirement = {
				kind = upToNextMajorVersion;
				minimumVersion = 4.3.0;
			};
		};
/* End XCRemoteSwiftPackageReference section */

/* Begin XCSwiftPackageProductDependency section */
		64405F982B6914E00002E1D0 /* SnapKit */ = {
			isa = XCSwiftPackageProductDependency;
			package = 64405F972B6914E00002E1D0 /* XCRemoteSwiftPackageReference "SnapKit" */;
			productName = SnapKit;
		};
		64405F9A2B6914E00002E1D0 /* SnapKit-Dynamic */ = {
			isa = XCSwiftPackageProductDependency;
			package = 64405F972B6914E00002E1D0 /* XCRemoteSwiftPackageReference "SnapKit" */;
			productName = "SnapKit-Dynamic";
		};
		64405FA72B6934560002E1D0 /* AlamofireImage */ = {
			isa = XCSwiftPackageProductDependency;
			package = 64405FA62B6934560002E1D0 /* XCRemoteSwiftPackageReference "AlamofireImage" */;
			productName = AlamofireImage;
		};
/* End XCSwiftPackageProductDependency section */
	};
	rootObject = 6487B5082B690FEF00F577F4 /* Project object */;
}
